# This file is autogenerated, do not edit; changes may be undone by the next 'dep ensure'.


[[projects]]
  digest = "1:9f3b30d9f8e0d7040f729b82dcbc8f0dead820a133b3147ce355fc451f32d761"
  name = "github.com/BurntSushi/toml"
  packages = ["."]
  pruneopts = "UT"
  revision = "3012a1dbe2e4bd1391d42b32f0577cb7bbc7f005"
  version = "v0.3.1"

[[projects]]
  branch = "master"
  digest = "1:1a200e7e73293b75eb8e5c93d023b5472663432da0b663e1532624fcfede9ca8"
  name = "github.com/anmitsu/go-shlex"
  packages = ["."]
  pruneopts = "UT"
  revision = "648efa622239a2f6ff949fed78ee37b48d499ba4"

[[projects]]
  digest = "1:1383ba5d501d282dba709a17fa3bb3512f91abac8b6f631511129ba05f7c89f2"
  name = "github.com/apache/thrift"
  packages = ["lib/go/thrift"]
  pruneopts = "UT"
  revision = "9549b25c77587b29be4e0b5c258221a4ed85d37a"

[[projects]]
  digest = "1:d6afaeed1502aa28e80a4ed0981d570ad91b2579193404256ce672ed0a609e0d"
  name = "github.com/beorn7/perks"
  packages = ["quantile"]
  pruneopts = "UT"
  revision = "4b2b341e8d7715fae06375aa633dbb6e91b3fb46"
  version = "v1.0.0"

[[projects]]
  digest = "1:ffe9824d294da03b391f44e1ae8281281b4afc1bdaa9588c9097785e3af10cec"
  name = "github.com/davecgh/go-spew"
  packages = ["spew"]
  pruneopts = "UT"
  revision = "8991bc29aa16c548c550c7ff78260e27b9ab7c73"
  version = "v1.1.1"

[[projects]]
  branch = "master"
  digest = "1:5fe3f6ede1c208a2efd3b78fe4df0306aa9624edd39476143d14f0326e5a8d29"
  name = "github.com/facebookgo/clock"
  packages = ["."]
  pruneopts = "UT"
  revision = "600d898af40aa09a7a93ecb9265d87b0504b6f03"

[[projects]]
  digest = "1:060e2ff7ee3e51b4a0fadf46308033bfe3b8030af6a8078ec26916e2e9b2fdc3"
  name = "github.com/fatih/structtag"
  packages = ["."]
  pruneopts = "UT"
  revision = "76ae1d6d2117609598c7d4e8f3e938145f204e8f"
  version = "v1.0.0"

[[projects]]
  digest = "1:1f7f64ca2895fc98e84c4d33369ee27f2250747de1eacefed3e85def52a737a1"
  name = "github.com/gogo/protobuf"
  packages = [
    "gogoproto",
    "plugin/compare",
    "plugin/defaultcheck",
    "plugin/description",
    "plugin/embedcheck",
    "plugin/enumstringer",
    "plugin/equal",
    "plugin/face",
    "plugin/gostring",
    "plugin/marshalto",
    "plugin/oneofcheck",
    "plugin/populate",
    "plugin/size",
    "plugin/stringer",
    "plugin/testgen",
    "plugin/union",
    "plugin/unmarshal",
    "proto",
    "protoc-gen-gogo/descriptor",
    "protoc-gen-gogo/generator",
    "protoc-gen-gogo/generator/internal/remap",
    "protoc-gen-gogo/grpc",
    "protoc-gen-gogo/plugin",
    "protoc-gen-gogoslick",
    "vanity",
    "vanity/command",
  ]
  pruneopts = "UT"
  revision = "ba06b47c162d49f2af050fb4c75bcbc86a159d5c"
  version = "v1.2.1"

[[projects]]
  digest = "1:5e14df5b9539151b485eeb3ebea90a2823347516732978b0911ff17acea2842c"
  name = "github.com/golang/mock"
  packages = [
    "gomock",
    "mockgen",
    "mockgen/model",
  ]
  pruneopts = "UT"
  revision = "9fa652df1129bef0e734c9cf9bf6dbae9ef3b9fa"
  version = "1.3.1"

[[projects]]
  digest = "1:573ca21d3669500ff845bdebee890eb7fc7f0f50c59f2132f2a0c6b03d85086a"
  name = "github.com/golang/protobuf"
  packages = ["proto"]
  pruneopts = "UT"
  revision = "6c65a5562fc06764971b7c5d05c76c75e84bdbf7"
  version = "v1.3.2"

[[projects]]
  digest = "1:582b704bebaa06b48c29b0cec224a6058a09c86883aaddabde889cd1a5f73e1b"
  name = "github.com/google/uuid"
  packages = ["."]
  pruneopts = "UT"
  revision = "0cd6bf5da1e1c83f8b45653022c74f71af0538a4"
  version = "v1.1.1"

[[projects]]
  digest = "1:a2cff208d4759f6ba1b1cd228587b0a1869f95f22542ec9cd17fff64430113c7"
  name = "github.com/jessevdk/go-flags"
  packages = ["."]
  pruneopts = "UT"
  revision = "c6ca198ec95c841fdb89fc0de7496fed11ab854e"
  version = "v1.4.0"

[[projects]]
  digest = "1:b472339040c571f1085e429ad08d94218bc3fc7a635c99fd95e3f80382413317"
  name = "github.com/kisielk/errcheck"
  packages = [
    ".",
    "internal/errcheck",
  ]
  pruneopts = "UT"
  revision = "e14f8d59a22d460d56c5ee92507cd94c78fbf274"
  version = "v1.2.0"

[[projects]]
  digest = "1:ff5ebae34cfbf047d505ee150de27e60570e8c394b3b8fdbb720ff6ac71985fc"
  name = "github.com/matttproud/golang_protobuf_extensions"
  packages = ["pbutil"]
  pruneopts = "UT"
  revision = "c12348ce28de40eed0136aa2b644d0ee0650e56c"
  version = "v1.0.1"

[[projects]]
  digest = "1:11e62d6050198055e6cd87ed57e5d8c669e84f839c16e16f192374d913d1a70d"
  name = "github.com/opentracing/opentracing-go"
  packages = [
    ".",
    "ext",
    "log",
  ]
  pruneopts = "UT"
  revision = "659c90643e714681897ec2521c60567dd21da733"
  version = "v1.1.0"

[[projects]]
  digest = "1:e5d0bd87abc2781d14e274807a470acd180f0499f8bf5bb18606e9ec22ad9de9"
  name = "github.com/pborman/uuid"
  packages = ["."]
  pruneopts = "UT"
  revision = "adf5a7427709b9deb95d29d3fa8a2bf9cfd388f1"
  version = "v1.2"

[[projects]]
  digest = "1:cf31692c14422fa27c83a05292eb5cbe0fb2775972e8f1f8446a71549bd8980b"
  name = "github.com/pkg/errors"
  packages = ["."]
  pruneopts = "UT"
  revision = "ba968bfe8b2f7e042a574c888954fccecfa385b4"
  version = "v0.8.1"

[[projects]]
  digest = "1:0028cb19b2e4c3112225cd871870f2d9cf49b9b4276531f03438a88e94be86fe"
  name = "github.com/pmezard/go-difflib"
  packages = ["difflib"]
  pruneopts = "UT"
  revision = "792786c7400a136282c1664665ae0a8db921c6c2"
  version = "v1.0.0"

[[projects]]
  digest = "1:eb04f69c8991e52eff33c428bd729e04208bf03235be88e4df0d88497c6861b9"
  name = "github.com/prometheus/client_golang"
  packages = [
    "prometheus",
    "prometheus/internal",
    "prometheus/promhttp",
  ]
  pruneopts = "UT"
  revision = "4ab88e80c249ed361d3299e2930427d9ac43ef8d"
  version = "v1.0.0"

[[projects]]
  branch = "master"
  digest = "1:2d5cd61daa5565187e1d96bae64dbbc6080dacf741448e9629c64fd93203b0d4"
  name = "github.com/prometheus/client_model"
  packages = ["go"]
  pruneopts = "UT"
  revision = "fd36f4220a901265f90734c3183c5f0c91daa0b8"

[[projects]]
  digest = "1:8dcedf2e8f06c7f94e48267dea0bc0be261fa97b377f3ae3e87843a92a549481"
  name = "github.com/prometheus/common"
  packages = [
    "expfmt",
    "internal/bitbucket.org/ww/goautoneg",
    "model",
  ]
  pruneopts = "UT"
  revision = "31bed53e4047fd6c510e43a941f90cb31be0972a"
  version = "v0.6.0"

[[projects]]
  digest = "1:366f5aa02ff6c1e2eccce9ca03a22a6d983da89eecff8a89965401764534eb7c"
  name = "github.com/prometheus/procfs"
  packages = [
    ".",
    "internal/fs",
  ]
  pruneopts = "UT"
  revision = "3f98efb27840a48a7a2898ec80be07674d19f9c8"
  version = "v0.0.3"

[[projects]]
  digest = "1:ed615c5430ecabbb0fb7629a182da65ecee6523900ac1ac932520860878ffcad"
  name = "github.com/robfig/cron"
  packages = ["."]
  pruneopts = "UT"
  revision = "b41be1df696709bb6395fe435af20370037c0b4c"
  version = "v1.2.0"

[[projects]]
  branch = "master"
  digest = "1:03d938ce55b7f7754700749135669a1cfe65acca866d1cdb7dc3e7ff166e3e28"
  name = "github.com/samuel/go-thrift"
  packages = ["parser"]
  pruneopts = "UT"
  revision = "e8b6b52668fe9c972220addc130edf46a9b466b1"

[[projects]]
  digest = "1:ac83cf90d08b63ad5f7e020ef480d319ae890c208f8524622a2f3136e2686b02"
  name = "github.com/stretchr/objx"
  packages = ["."]
  pruneopts = "UT"
  revision = "477a77ecc69700c7cdeb1fa9e129548e1c1c393c"
  version = "v0.1.1"

[[projects]]
  digest = "1:288e2ba4192b77ec619875ab54d82e2179ca8978e8baa690dcb4343a4a1f4da7"
  name = "github.com/stretchr/testify"
  packages = [
    "assert",
    "mock",
    "require",
    "suite",
  ]
  pruneopts = "UT"
  revision = "ffdc059bfe9ce6a4e144ba849dbedead332c6053"
  version = "v1.3.0"

[[projects]]
  digest = "1:f13b1cdb92e193b30d211ee8397d640711932344ecdb5c8daf21b1ceaafe540f"
  name = "github.com/uber-go/mapdecode"
  packages = [
    ".",
    "internal/mapstructure",
  ]
  pruneopts = "UT"
  revision = "718b4994083e432669f44a00174c5f1bcdb1434d"
  version = "v1.0.0"

[[projects]]
  digest = "1:fdcd00d11e3c9d307f82e2cc8cd84fe8974ccc3053c2126be5553a38eb565760"
  name = "github.com/uber-go/tally"
  packages = ["."]
  pruneopts = "UT"
  revision = "f266f90e9c4d5894364039a324a05d061f2f34e2"
  version = "v3.3.11"

[[projects]]
  digest = "1:33acce5f2008307fd7acaa3f77c8941058b097c4e2ffa51083d1f6c100ee87eb"
  name = "github.com/uber/tchannel-go"
  packages = [
    ".",
    "internal/argreader",
    "relay",
    "thrift/thrift-gen",
    "tnet",
    "tos",
    "trand",
    "typed",
  ]
  pruneopts = "UT"
  revision = "58b01ae38cfff68102223e374c580a40c1d91dda"
  version = "v1.14.0"

[[projects]]
  digest = "1:a5158647b553c61877aa9ae74f4015000294e47981e6b8b07525edcbb0747c81"
  name = "go.uber.org/atomic"
  packages = ["."]
  pruneopts = "UT"
  revision = "df976f2515e274675050de7b3f42545de80594fd"
  version = "v1.4.0"

[[projects]]
  digest = "1:3d1ba675d75f7e67105593bcfd78b7c2683c8a4c6be21f5c230ac9a81a869723"
  name = "go.uber.org/cadence"
  packages = [
    ".",
    ".gen/go/cadence",
    ".gen/go/cadence/workflowserviceclient",
    ".gen/go/cadence/workflowservicetest",
    ".gen/go/shared",
    "activity",
    "client",
    "encoded",
    "internal",
    "internal/common",
    "internal/common/backoff",
    "internal/common/cache",
    "internal/common/metrics",
    "internal/common/util",
    "testsuite",
    "worker",
    "workflow",
  ]
  pruneopts = "UT"
  revision = "cef99c5ba19e5905c82d800d8657d4cb43d101b4"

[[projects]]
  digest = "1:60bf2a5e347af463c42ed31a493d817f8a72f102543060ed992754e689805d1a"
  name = "go.uber.org/multierr"
  packages = ["."]
  pruneopts = "UT"
  revision = "3c4937480c32f4c13a875a1829af76c98ca3d40a"
  version = "v1.1.0"

[[projects]]
  digest = "1:9815ffb569cf43ef8a2fe8aa20c0b1e176ade4f515505e8e5a7176d61a537686"
  name = "go.uber.org/net/metrics"
  packages = [
    ".",
    "bucket",
    "push",
    "tallypush",
  ]
  pruneopts = "UT"
  revision = "0327310766f9da183152db859680ae0345c31957"
  version = "v1.1.0"

[[projects]]
  digest = "1:b50f3a25ee80e6e3b8da82f6d30590bb07d94f0b460f81121f2fb7c325fb98a2"
  name = "go.uber.org/thriftrw"
  packages = [
    ".",
    "ast",
    "compile",
    "envelope",
    "gen",
    "idl",
    "idl/internal",
    "internal/concurrent",
    "internal/curry",
    "internal/envelope",
    "internal/envelope/exception",
    "internal/frame",
    "internal/goast",
    "internal/multiplex",
    "internal/plugin",
    "internal/plugin/builtin/pluginapigen",
    "internal/process",
    "internal/semver",
    "plugin",
    "plugin/api",
    "protocol",
    "protocol/binary",
    "ptr",
    "thriftreflect",
    "version",
    "wire",
  ]
  pruneopts = "UT"
  revision = "23f23e7fc269002cb7e34f4e2dc079593cd6ad36"
  version = "v1.20.0"

[[projects]]
  branch = "master"
  digest = "1:3032e90a153750ea149f68bf081f97ca738f041fba45c41c80737f572ffdf2f4"
  name = "go.uber.org/tools"
  packages = ["update-license"]
  pruneopts = "UT"
  revision = "2cfd321de3ee5d5f8a5fda2521d1703478334d98"

[[projects]]
  digest = "1:01bdbd0288a01fef8f9d9179795334c0145e634ec836186a24beb4d95716b73a"
  name = "go.uber.org/yarpc"
  packages = [
    ".",
    "api/backoff",
    "api/encoding",
    "api/middleware",
    "api/peer",
    "api/transport",
    "encoding/thrift",
    "encoding/thrift/internal",
    "internal",
    "internal/backoff",
    "internal/bufferpool",
    "internal/config",
    "internal/digester",
    "internal/errorsync",
    "internal/humanize",
    "internal/inboundmiddleware",
    "internal/interpolate",
    "internal/introspection",
    "internal/iopool",
    "internal/observability",
    "internal/outboundmiddleware",
    "internal/request",
    "internal/yarpcerrors",
    "peer",
    "peer/hostport",
    "pkg/encoding",
    "pkg/errors",
    "pkg/lifecycle",
    "pkg/procedure",
    "transport/tchannel",
    "transport/tchannel/internal",
    "yarpcconfig",
    "yarpcerrors",
  ]
  pruneopts = "UT"
  revision = "32f8a122a940ef0bd42bef358ea46c7d91b14f4c"
  version = "v1.39.0"

[[projects]]
  digest = "1:676160e6a4722b08e0e26b11521d575c2cb2b6f0c679e1ee6178c5d8dee51e5e"
  name = "go.uber.org/zap"
  packages = [
    ".",
    "buffer",
    "internal/bufferpool",
    "internal/color",
    "internal/exit",
    "zapcore",
  ]
  pruneopts = "UT"
  revision = "27376062155ad36be76b0f12cf1572a221d3a48c"
  version = "v1.10.0"

[[projects]]
  branch = "master"
  digest = "1:134674d729e1afbae39eeaa6abcf8e5f3106338f83643394ab5205a020efbd9b"
  name = "golang.org/x/lint"
  packages = [
    ".",
    "golint",
  ]
  pruneopts = "UT"
  revision = "959b441ac422379a43da2230f62be024250818b0"

[[projects]]
  branch = "master"
  digest = "1:99ea530858c94663b8b48bea54fce4ff5de67d145362bc498b7e118ba67d1539"
  name = "golang.org/x/net"
  packages = [
    "bpf",
    "context",
    "internal/iana",
    "internal/socket",
    "ipv4",
    "ipv6",
  ]
  pruneopts = "UT"
  revision = "da137c7871d730100384dbcf36e6f8fa493aef5b"

[[projects]]
  branch = "master"
  digest = "1:31d44814b45607afa77c6e8ef20ea8bacc1d1053fe084440c874f311732e7ec3"
  name = "golang.org/x/sys"
  packages = [
    "unix",
    "windows",
  ]
  pruneopts = "UT"
  revision = "fae7ac547cb717d141c433a2a173315e216b64c4"

[[projects]]
  branch = "master"
  digest = "1:9fdc2b55e8e0fafe4b41884091e51e77344f7dc511c5acedcfd98200003bff90"
  name = "golang.org/x/time"
  packages = ["rate"]
  pruneopts = "UT"
  revision = "9d24e82272b4f38b78bc8cff74fa936d31ccd8ef"

[[projects]]
  branch = "master"
  digest = "1:aaea84e713ca17fac495233deb91408a140858b9b64b2b9fe4a9bd1244b7837e"
  name = "golang.org/x/tools"
  packages = [
    "cmd/stringer",
    "go/analysis",
    "go/analysis/passes/inspect",
    "go/ast/astutil",
    "go/ast/inspector",
    "go/gcexportdata",
    "go/internal/gcimporter",
    "go/internal/packagesdriver",
    "go/packages",
    "go/types/objectpath",
    "go/types/typeutil",
    "internal/fastwalk",
    "internal/gopathwalk",
    "internal/semver",
  ]
  pruneopts = "UT"
  revision = "8b927904ee0dec805c89aaf9172f4459296ed6e8"

[[projects]]
  digest = "1:4d2e5a73dc1500038e504a8d78b986630e3626dc027bc030ba5c75da257cdb96"
  name = "gopkg.in/yaml.v2"
  packages = ["."]
  pruneopts = "UT"
  revision = "51d6538a90f86fe93ac480b35f37b2be17fef232"
  version = "v2.2.2"

[[projects]]
  digest = "1:ee40aa4815184179259955b29767faf844f5e42a434b11507853fb248f3b9ff5"
  name = "honnef.co/go/tools"
  packages = [
    "arg",
    "cmd/staticcheck",
    "config",
    "deprecated",
    "facts",
    "functions",
    "go/types/typeutil",
    "internal/cache",
    "internal/passes/buildssa",
    "internal/renameio",
    "internal/sharedcheck",
    "lint",
    "lint/lintdsl",
    "lint/lintutil",
    "lint/lintutil/format",
    "loader",
    "printf",
    "simple",
    "ssa",
    "ssautil",
    "staticcheck",
    "staticcheck/vrp",
    "stylecheck",
    "unused",
    "version",
  ]
  pruneopts = "UT"
  revision = "3aba101524286653237b74f4cb73eff8d5852a31"
  version = "2019.2.1"

[solve-meta]
  analyzer-name = "dep"
  analyzer-version = 1
  input-imports = [
    "github.com/golang/mock/gomock",
    "github.com/pborman/uuid",
    "github.com/pkg/errors",
    "github.com/stretchr/testify/assert",
    "github.com/stretchr/testify/mock",
    "github.com/stretchr/testify/require",
    "github.com/stretchr/testify/suite",
    "github.com/uber-go/tally",
    "go.uber.org/cadence",
    "go.uber.org/cadence/.gen/go/cadence/workflowserviceclient",
    "go.uber.org/cadence/.gen/go/cadence/workflowservicetest",
    "go.uber.org/cadence/.gen/go/shared",
    "go.uber.org/cadence/activity",
    "go.uber.org/cadence/client",
    "go.uber.org/cadence/encoded",
    "go.uber.org/cadence/testsuite",
    "go.uber.org/cadence/worker",
    "go.uber.org/cadence/workflow",
    "go.uber.org/yarpc",
    "go.uber.org/yarpc/transport/tchannel",
    "go.uber.org/zap",
    "gopkg.in/yaml.v2",
  ]
  solver-name = "gps-cdcl"
  solver-version = 1
