# This file is autogenerated, do not edit; changes may be undone by the next 'dep ensure'.


[[projects]]
  digest = "1:1383ba5d501d282dba709a17fa3bb3512f91abac8b6f631511129ba05f7c89f2"
  name = "github.com/apache/thrift"
  packages = ["lib/go/thrift"]
  pruneopts = "UT"
  revision = "9549b25c77587b29be4e0b5c258221a4ed85d37a"

[[projects]]
  digest = "1:5bb36304653e73c2ced864d49c9f344e7141a7ceef852442edcea212094ebc3c"
  name = "github.com/beorn7/perks"
  packages = ["quantile"]
  pruneopts = "UT"
  revision = "4c0e84591b9aa9e6dcfdf3e020114cd81f89d5f9"

[[projects]]
  digest = "1:ffe9824d294da03b391f44e1ae8281281b4afc1bdaa9588c9097785e3af10cec"
  name = "github.com/davecgh/go-spew"
  packages = ["spew"]
  pruneopts = "UT"
  revision = "8991bc29aa16c548c550c7ff78260e27b9ab7c73"
  version = "v1.1.1"

[[projects]]
  branch = "master"
  digest = "1:5fe3f6ede1c208a2efd3b78fe4df0306aa9624edd39476143d14f0326e5a8d29"
  name = "github.com/facebookgo/clock"
  packages = ["."]
  pruneopts = "UT"
  revision = "600d898af40aa09a7a93ecb9265d87b0504b6f03"

[[projects]]
  digest = "1:32f0096cd7a123ae67555d471b471d0b11d586b63741b71fd0e5fed0e9ed545b"
  name = "github.com/gogo/protobuf"
  packages = ["proto"]
  pruneopts = "UT"
  revision = "342cbe0a04158f6dcb03ca0079991a51a4248c02"
  version = "v0.5"

[[projects]]
  digest = "1:bc38c7c481812e178d85160472e231c5e1c9a7f5845d67e23ee4e706933c10d8"
  name = "github.com/golang/mock"
  packages = ["gomock"]
  pruneopts = "UT"
  revision = "c34cdb4725f4c3844d095133c6e40e448b86589b"
  version = "v1.1.1"

[[projects]]
  digest = "1:9b0e71863f18fc5de645a263184c8a6409ae731e847b35b25da4be818f1975fa"
  name = "github.com/golang/protobuf"
  packages = ["proto"]
  pruneopts = "UT"
  revision = "1e59b77b52bf8e4b449a57e6f79f21226d571845"

[[projects]]
  digest = "1:ff5ebae34cfbf047d505ee150de27e60570e8c394b3b8fdbb720ff6ac71985fc"
  name = "github.com/matttproud/golang_protobuf_extensions"
  packages = ["pbutil"]
  pruneopts = "UT"
  revision = "c12348ce28de40eed0136aa2b644d0ee0650e56c"
  version = "v1.0.1"

[[projects]]
  digest = "1:450b7623b185031f3a456801155c8320209f75d0d4c4e633c6b1e59d44d6e392"
  name = "github.com/opentracing/opentracing-go"
  packages = [
    ".",
    "ext",
    "log",
  ]
  pruneopts = "UT"
  revision = "1949ddbfd147afd4d964a9f00b24eb291e0e7c38"
  version = "v1.0.2"

[[projects]]
  digest = "1:2d167824fe3f957f452690946a98831c2cd4d331adc11eea85de0044da530421"
  name = "github.com/pborman/uuid"
  packages = ["."]
  pruneopts = "UT"
  revision = "a97ce2ca70fa5a848076093f05e639a89ca34d06"
  version = "v1.0"

[[projects]]
  digest = "1:6c13131f5eae63cc6c362fc27bee2ed16e32d0bd2bfd869ce2093b6e32917c7c"
  name = "github.com/pkg/errors"
  packages = ["."]
  pruneopts = "UT"
  revision = "f15c970de5b76fac0b59abb32d62c17cc7bed265"

[[projects]]
  digest = "1:0028cb19b2e4c3112225cd871870f2d9cf49b9b4276531f03438a88e94be86fe"
  name = "github.com/pmezard/go-difflib"
  packages = ["difflib"]
  pruneopts = "UT"
  revision = "792786c7400a136282c1664665ae0a8db921c6c2"
  version = "v1.0.0"

[[projects]]
  digest = "1:c968b29db5d68ec97de404b6d058d5937fa015a141b3b4f7a0d87d5f8226f04c"
  name = "github.com/prometheus/client_golang"
  packages = [
    "prometheus",
    "prometheus/promhttp",
  ]
  pruneopts = "UT"
  revision = "967789050ba94deca04a5e84cce8ad472ce313c1"
  version = "v0.9.0-pre1"

[[projects]]
  digest = "1:32d10bdfa8f09ecf13598324dba86ab891f11db3c538b6a34d1c3b5b99d7c36b"
  name = "github.com/prometheus/client_model"
  packages = ["go"]
  pruneopts = "UT"
  revision = "99fa1f4be8e564e8a6b613da7fa6f46c9edafc6c"

[[projects]]
  digest = "1:fcce8c26e13e3d5018d5c42de857e8b700354d36afb900dd82bc642383981661"
  name = "github.com/prometheus/common"
  packages = [
    "expfmt",
    "internal/bitbucket.org/ww/goautoneg",
    "model",
  ]
  pruneopts = "UT"
  revision = "2e54d0b93cba2fd133edc32211dcc32c06ef72ca"

[[projects]]
  digest = "1:93ed91deb3bb95cf63bbe5ae3f16eb4b7559b438fc3a3c6917cd12cc31e38c08"
  name = "github.com/prometheus/procfs"
  packages = [
    ".",
    "xfs",
  ]
  pruneopts = "UT"
  revision = "a6e9df898b1336106c743392c48ee0b71f5c4efa"

[[projects]]
  digest = "1:ac83cf90d08b63ad5f7e020ef480d319ae890c208f8524622a2f3136e2686b02"
  name = "github.com/stretchr/objx"
  packages = ["."]
  pruneopts = "UT"
  revision = "477a77ecc69700c7cdeb1fa9e129548e1c1c393c"
  version = "v0.1.1"

[[projects]]
  digest = "1:ffae6a0390594c05dc5ba534c385229e883508f17f6da257624913fd9aaa4d21"
  name = "github.com/stretchr/testify"
  packages = [
    "assert",
    "mock",
    "require",
    "suite",
  ]
  pruneopts = "UT"
  revision = "f35b8ab0b5a2cef36673838d662e249dd9c94686"
  version = "v1.2.2"

[[projects]]
  digest = "1:8c60374831843cd6030d7e689dbb77100c21149a0d95a4484723a87e6d077b1d"
  name = "github.com/uber-go/atomic"
  packages = ["."]
  pruneopts = "UT"
  revision = "e682c1008ac17bf26d2e4b5ad6cdd08520ed0b22"

[[projects]]
  digest = "1:f13b1cdb92e193b30d211ee8397d640711932344ecdb5c8daf21b1ceaafe540f"
  name = "github.com/uber-go/mapdecode"
  packages = [
    ".",
    "internal/mapstructure",
  ]
  pruneopts = "UT"
  revision = "718b4994083e432669f44a00174c5f1bcdb1434d"
  version = "v1.0.0"

[[projects]]
  digest = "1:be3decd2b3447a032721151a2267dccda71591741fee93b534afe8bcfb414cf0"
  name = "github.com/uber-go/tally"
  packages = ["."]
  pruneopts = "UT"
  revision = "e9b601813b0be4771b1b3995390567b67ab2b3fc"
  version = "v3.0.1"

[[projects]]
  digest = "1:192ca5d69413b20fba91cc93e567a85609eaa2f1b5d44d04ff3af5c951416437"
  name = "github.com/uber/tchannel-go"
  packages = [
    ".",
    "internal/argreader",
    "relay",
    "tnet",
    "tos",
    "trand",
    "typed",
  ]
  pruneopts = "UT"
  revision = "2d75494d3a0ffabbd00bc2cb71ed039d94def186"

[[projects]]
  digest = "1:777e729b475d3895c7229552aa10076f0d177daf37c0a72258006d046d329960"
  name = "go.uber.org/atomic"
  packages = ["."]
  pruneopts = "UT"
  revision = "4e336646b2ef9fc6e47be8e21594178f98e5ebcf"
  version = "v1.2.0"

[[projects]]
  digest = "1:1f9a9e6cb2a03caa400d631d5b8f68f9546dac384a5bcbb55354bdaf4182d8c5"
  name = "go.uber.org/cadence"
  packages = [
    ".gen/go/cadence",
    ".gen/go/cadence/workflowserviceclient",
    ".gen/go/cadence/workflowservicetest",
    ".gen/go/shared",
    "activity",
    "client",
    "encoded",
    "internal",
    "internal/common",
    "internal/common/backoff",
    "internal/common/cache",
    "internal/common/metrics",
    "internal/common/util",
    "testsuite",
    "worker",
    "workflow",
  ]
  pruneopts = "UT"
  revision = "28753167e2ac4be2087c07044d2af9cd4382d58f"
  version = "v0.7.6"

[[projects]]
  digest = "1:60bf2a5e347af463c42ed31a493d817f8a72f102543060ed992754e689805d1a"
  name = "go.uber.org/multierr"
  packages = ["."]
  pruneopts = "UT"
  revision = "3c4937480c32f4c13a875a1829af76c98ca3d40a"
  version = "v1.1.0"

[[projects]]
  digest = "1:02abca9cfb4ab22fa59e021cc40e864553e83c42417eeb0609ed756834511a5a"
  name = "go.uber.org/thriftrw"
  packages = [
    "envelope",
    "internal/envelope/exception",
    "internal/semver",
    "protocol",
    "protocol/binary",
    "thriftreflect",
    "version",
    "wire",
  ]
  pruneopts = "UT"
  revision = "bce7fd589d505915f56a7901d8c143e1625e085c"
  version = "v1.8.0"

[[projects]]
  digest = "1:ab1adc41d5ef77c98b8402ab79a997e39bb32ecd75b553c20e5523b25d150310"
  name = "go.uber.org/yarpc"
  packages = [
    ".",
    "api/backoff",
    "api/encoding",
    "api/middleware",
    "api/peer",
    "api/transport",
    "encoding/thrift",
    "encoding/thrift/internal",
    "internal",
    "internal/backoff",
    "internal/bufferpool",
    "internal/config",
    "internal/digester",
    "internal/errorsync",
    "internal/humanize",
    "internal/inboundmiddleware",
    "internal/interpolate",
    "internal/introspection",
    "internal/iopool",
    "internal/observability",
    "internal/outboundmiddleware",
    "internal/pally",
    "internal/request",
    "internal/yarpcerrors",
    "peer",
    "peer/hostport",
    "pkg/encoding",
    "pkg/errors",
    "pkg/lifecycle",
    "pkg/procedure",
    "transport/tchannel",
    "transport/tchannel/internal",
    "yarpcconfig",
    "yarpcerrors",
  ]
  pruneopts = "UT"
  revision = "636a5ca277a366ddcbcd29214d896dc0fc4f5171"
  version = "v1.25.1"

[[projects]]
  digest = "1:c52caf7bd44f92e54627a31b85baf06a68333a196b3d8d241480a774733dcf8b"
  name = "go.uber.org/zap"
  packages = [
    ".",
    "buffer",
    "internal/bufferpool",
    "internal/color",
    "internal/exit",
    "zapcore",
  ]
  pruneopts = "UT"
  revision = "ff33455a0e382e8a81d14dd7c922020b6b5e7982"
  version = "v1.9.1"

[[projects]]
  digest = "1:3e6020daf0f025f2100fb416fb0e73b8e3e52621dc3bd71e504e40ce40c209d4"
  name = "golang.org/x/net"
  packages = [
    "bpf",
    "context",
    "internal/iana",
    "internal/socket",
    "ipv4",
    "ipv6",
  ]
  pruneopts = "UT"
  revision = "dc871a5d77e227f5bbf6545176ef3eeebf87e76e"

[[projects]]
  digest = "1:51a479a09b7ed06b7be5a854e27fcc328718ae0e5ad159f9ddeef12d0326c2e7"
  name = "golang.org/x/time"
  packages = ["rate"]
  pruneopts = "UT"
  revision = "6dc17368e09b0e8634d71cac8168d853e869a0c7"

[[projects]]
  digest = "1:c46d0fb245dbc49cb816b3e2818d1830e29d03bee1663b1e201f3ed918ec6e60"
  name = "gopkg.in/yaml.v2"
  packages = ["."]
  pruneopts = "UT"
  revision = "287cf08546ab5e7e37d55a84f7ed3fd1db036de5"

[solve-meta]
  analyzer-name = "dep"
  analyzer-version = 1
  input-imports = [
    "github.com/pborman/uuid",
    "github.com/pkg/errors",
    "github.com/stretchr/testify/mock",
    "github.com/stretchr/testify/require",
    "github.com/stretchr/testify/suite",
    "github.com/uber-go/tally",
    "go.uber.org/cadence/.gen/go/cadence/workflowserviceclient",
    "go.uber.org/cadence/.gen/go/shared",
    "go.uber.org/cadence/activity",
    "go.uber.org/cadence/client",
    "go.uber.org/cadence/encoded",
    "go.uber.org/cadence/testsuite",
    "go.uber.org/cadence/worker",
    "go.uber.org/cadence/workflow",
    "go.uber.org/yarpc",
    "go.uber.org/yarpc/transport/tchannel",
    "go.uber.org/zap",
    "gopkg.in/yaml.v2",
  ]
  solver-name = "gps-cdcl"
  solver-version = 1
